{
  "name": "e-mercado-jap",
  "lockfileVersion": 2,
  "requires": true,
  "packages": {
    "": {
      "dependencies": {
        "jose": "^4.10.0"
      }
    },
    "node_modules/jose": {
      "version": "4.10.0",
      "resolved": "https://registry.npmjs.org/jose/-/jose-4.10.0.tgz",
      "integrity": "sha512-KEhB/eLGLomWGPTb+/RNbYsTjIyx03JmbqAyIyiXBuNSa7CmNrJd5ysFhblayzs/e/vbOPMUaLnjHUMhGp4yLw==",
      "funding": {
        "url": "https://github.com/sponsors/panva"
      }
    }
  },
  "dependencies": {
    "jose": {
      "version": "4.10.0",
      "resolved": "https://registry.npmjs.org/jose/-/jose-4.10.0.tgz",
      "integrity": "sha512-KEhB/eLGLomWGPTb+/RNbYsTjIyx03JmbqAyIyiXBuNSa7CmNrJd5ysFhblayzs/e/vbOPMUaLnjHUMhGp4yLw=="
    }
  }
}
